
Microsoft Visual Studio Solution File, Format Version 12.00
# Visual Studio Version 16
VisualStudioVersion = 16.0.32228.343
MinimumVisualStudioVersion = 10.0.40219.1
Project("{9A19103F-16F7-4668-BE54-9A1E7A4F7556}") = "lab-1", "lab-1\lab-1.csproj", "{4844AF3E-3307-4215-B6BC-D401FB55353F}"
EndProject
Project("{9A19103F-16F7-4668-BE54-9A1E7A4F7556}") = "lab-2", "lab-2\lab-2.csproj", "{6A0BF8FA-D05E-487C-9B17-C20820D0C15E}"
EndProject
Project("{9A19103F-16F7-4668-BE54-9A1E7A4F7556}") = "lab-3", "lab-4\lab-3.csproj", "{28FB38E3-A1D8-41A3-822D-55B8058C6F2E}"
EndProject
Project("{9A19103F-16F7-4668-BE54-9A1E7A4F7556}") = "lab-4", "lab-4\lab-4.csproj", "{54343493-6F00-4D60-B012-FE349213A6AD}"
EndProject
Project("{9A19103F-16F7-4668-BE54-9A1E7A4F7556}") = "lab-6", "lab-6\lab-6.csproj", "{8123019C-6B33-49DB-85F3-26C8595266E6}"
EndProject
Project("{9A19103F-16F7-4668-BE54-9A1E7A4F7556}") = "lab-7", "lab-7\lab-7.csproj", "{FE229223-4D4E-442E-AC4C-423E24E35FFA}"
EndProject
Project("{FAE04EC0-301F-11D3-BF4B-00C04F79EFBC}") = "lab-8", "lab-8\lab-8.csproj", "{6AAAA80D-B891-4A5F-A205-929971EE383D}"
EndProject
Global
	GlobalSection(SolutionConfigurationPlatforms) = preSolution
		Debug|Any CPU = Debug|Any CPU
		Release|Any CPU = Release|Any CPU
	EndGlobalSection
	GlobalSection(ProjectConfigurationPlatforms) = postSolution
		{4844AF3E-3307-4215-B6BC-D401FB55353F}.Debug|Any CPU.ActiveCfg = Debug|Any CPU
		{4844AF3E-3307-4215-B6BC-D401FB55353F}.Debug|Any CPU.Build.0 = Debug|Any CPU
		{4844AF3E-3307-4215-B6BC-D401FB55353F}.Release|Any CPU.ActiveCfg = Release|Any CPU
		{4844AF3E-3307-4215-B6BC-D401FB55353F}.Release|Any CPU.Build.0 = Release|Any CPU
		{6A0BF8FA-D05E-487C-9B17-C20820D0C15E}.Debug|Any CPU.ActiveCfg = Debug|Any CPU
		{6A0BF8FA-D05E-487C-9B17-C20820D0C15E}.Debug|Any CPU.Build.0 = Debug|Any CPU
		{6A0BF8FA-D05E-487C-9B17-C20820D0C15E}.Release|Any CPU.ActiveCfg = Release|Any CPU
		{6A0BF8FA-D05E-487C-9B17-C20820D0C15E}.Release|Any CPU.Build.0 = Release|Any CPU
		{28FB38E3-A1D8-41A3-822D-55B8058C6F2E}.Debug|Any CPU.ActiveCfg = Debug|Any CPU
		{28FB38E3-A1D8-41A3-822D-55B8058C6F2E}.Debug|Any CPU.Build.0 = Debug|Any CPU
		{28FB38E3-A1D8-41A3-822D-55B8058C6F2E}.Release|Any CPU.ActiveCfg = Release|Any CPU
		{28FB38E3-A1D8-41A3-822D-55B8058C6F2E}.Release|Any CPU.Build.0 = Release|Any CPU
		{54343493-6F00-4D60-B012-FE349213A6AD}.Debug|Any CPU.ActiveCfg = Debug|Any CPU
		{54343493-6F00-4D60-B012-FE349213A6AD}.Debug|Any CPU.Build.0 = Debug|Any CPU
		{54343493-6F00-4D60-B012-FE349213A6AD}.Release|Any CPU.ActiveCfg = Release|Any CPU
		{54343493-6F00-4D60-B012-FE349213A6AD}.Release|Any CPU.Build.0 = Release|Any CPU
		{8123019C-6B33-49DB-85F3-26C8595266E6}.Debug|Any CPU.ActiveCfg = Debug|Any CPU
		{8123019C-6B33-49DB-85F3-26C8595266E6}.Debug|Any CPU.Build.0 = Debug|Any CPU
		{8123019C-6B33-49DB-85F3-26C8595266E6}.Release|Any CPU.ActiveCfg = Release|Any CPU
		{8123019C-6B33-49DB-85F3-26C8595266E6}.Release|Any CPU.Build.0 = Release|Any CPU
		{FE229223-4D4E-442E-AC4C-423E24E35FFA}.Debug|Any CPU.ActiveCfg = Debug|Any CPU
		{FE229223-4D4E-442E-AC4C-423E24E35FFA}.Debug|Any CPU.Build.0 = Debug|Any CPU
		{FE229223-4D4E-442E-AC4C-423E24E35FFA}.Release|Any CPU.ActiveCfg = Release|Any CPU
		{FE229223-4D4E-442E-AC4C-423E24E35FFA}.Release|Any CPU.Build.0 = Release|Any CPU
		{6AAAA80D-B891-4A5F-A205-929971EE383D}.Debug|Any CPU.ActiveCfg = Debug|Any CPU
		{6AAAA80D-B891-4A5F-A205-929971EE383D}.Debug|Any CPU.Build.0 = Debug|Any CPU
		{6AAAA80D-B891-4A5F-A205-929971EE383D}.Release|Any CPU.ActiveCfg = Release|Any CPU
		{6AAAA80D-B891-4A5F-A205-929971EE383D}.Release|Any CPU.Build.0 = Release|Any CPU
	EndGlobalSection
	GlobalSection(SolutionProperties) = preSolution
		HideSolutionNode = FALSE
	EndGlobalSection
	GlobalSection(ExtensibilityGlobals) = postSolution
		SolutionGuid = {7F475601-D2B8-463E-9047-9B4E681528E2}
	EndGlobalSection
EndGlobal
